
Microsoft Visual Studio Solution File, Format Version 12.00
# Visual Studio 15
VisualStudioVersion = 15.0.28307.572
MinimumVisualStudioVersion = 10.0.40219.1
Project("{FAE04EC0-301F-11D3-BF4B-00C04F79EFBC}") = "smtp-client", "smtp-client\smtp-client.csproj", "{FAE0E25B-51EC-4BF3-ACB8-6668FA2ADBF4}"
EndProject
Global
	GlobalSection(SolutionConfigurationPlatforms) = preSolution
		Debug|Any CPU = Debug|Any CPU
		Release|Any CPU = Release|Any CPU
	EndGlobalSection
	GlobalSection(ProjectConfigurationPlatforms) = postSolution
		{FAE0E25B-51EC-4BF3-ACB8-6668FA2ADBF4}.Debug|Any CPU.ActiveCfg = Debug|Any CPU
		{FAE0E25B-51EC-4BF3-ACB8-6668FA2ADBF4}.Debug|Any CPU.Build.0 = Debug|Any CPU
		{FAE0E25B-51EC-4BF3-ACB8-6668FA2ADBF4}.Release|Any CPU.ActiveCfg = Release|Any CPU
		{FAE0E25B-51EC-4BF3-ACB8-6668FA2ADBF4}.Release|Any CPU.Build.0 = Release|Any CPU
	EndGlobalSection
	GlobalSection(SolutionProperties) = preSolution
		HideSolutionNode = FALSE
	EndGlobalSection
	GlobalSection(ExtensibilityGlobals) = postSolution
		SolutionGuid = {620E35F7-C682-4B4F-B2B8-57FCA24690A4}
	EndGlobalSection
EndGlobal
